{
    "name": "Haavyz",
    "version": "1.0.5",
    "lockfileVersion": 3,
    "requires": true,
    "packages": {
        "": {
            "name": "Haavyz",
            "version": "1.0.0",
            "engines": {
                "vscode": "^1.75.0"
            }
        },
        "editor.tokenColorCustomizations": {
            "textMateRules": [
                {
                    "settings": {
                        "fontFamily": "'Space Mono', sans-serif'"
                    }
                }
            ]
        }
    }
}